{
    "_readme": [
        "This file locks the dependencies of your project to a known state",
        "Read more about it at https://getcomposer.org/doc/01-basic-usage.md#installing-dependencies",
        "This file is @generated automatically"
    ],
    "content-hash": "cbd8798046a72697ea7ffb10f58e824c",
    "packages": [
        {
            "name": "bordercloud/sparql",
            "version": "dev-master",
            "source": {
                "type": "git",
                "url": "https://github.com/BorderCloud/SPARQL.git",
                "reference": "2f26d989e040be27514380cb4186bf3f47db321d"
            },
            "require": {
                "ext-curl": "*",
                "ext-json": "*",
                "ext-xml": "*",
                "php": ">=7.1"
            },
            "require-dev": {
                "clean/phpdoc-md": "^0.19.1",
                "phpunit/phpunit": "^9.5"
            },
            "default-branch": true,
            "bin": [
                "bin/query"
            ],
            "type": "library",
            "autoload": {
                "psr-4": {
                    "BorderCloud\\SPARQL\\": "src/",
                    "BorderCloud\\SPARQL\\Tests\\": "tests/"
                }
            },
            "license": [
                "CC-BY-SA-4.0"
            ],
            "authors": [
                {
                    "name": "Karima Rafes",
                    "email": "karima.rafes@bordercloud.com",
                    "homepage": "http://www.bordercloud.com/",
                    "role": "Developer"
                }
            ],
            "description": "Lib PHP very easy for SPARQL 1.1",
            "homepage": "https://github.com/BorderCloud/SPARQL",
            "keywords": [
                "RDF",
                "SPARQL"
            ],
            "time": "2021-05-13T16:32:44+00:00"
        }
    ],
    "packages-dev": [],
    "aliases": [],
    "minimum-stability": "stable",
    "stability-flags": {
        "bordercloud/sparql": 20
    },
    "prefer-stable": false,
    "prefer-lowest": false,
    "platform": [],
    "platform-dev": [],
    "plugin-api-version": "2.0.0"
}
